{
    "name": "salon_booking_project",
    "version": "0.0.1",
    "lockfileVersion": 3,
    "requires": true,
    "packages": {
        "": {
            "name": "salon_booking_project",
            "version": "0.0.1",
            "license": "UNLICENSED",
            "dependencies": {
                "@nestjs/axios": "^3.0.3",
                "axios": "^1.7.7",
                "date-fns": "^4.1.0"
            }
        }
        
    }
}
